// !$*UTF8*$!
{
	archiveVersion = 1;
	classes = {
	};
	objectVersion = 51;
	objects = {

/* Begin PBXBuildFile section */
		D91AA882D918B9CA62D83D7E /* Pods_NewsApp.framework in Frameworks */ = {isa = PBXBuildFile; fileRef = 6B7F6E9474F27380FE4E5A76 /* Pods_NewsApp.framework */; };
		F02600F1275FB57E00B9B62C /* SearchListView.swift in Sources */ = {isa = PBXBuildFile; fileRef = F02600F0275FB57E00B9B62C /* SearchListView.swift */; };
		F02600F3275FB61700B9B62C /* ErrorView.swift in Sources */ = {isa = PBXBuildFile; fileRef = F02600F2275FB61700B9B62C /* ErrorView.swift */; };
		F02600FB275FBA1F00B9B62C /* TopPageView.swift in Sources */ = {isa = PBXBuildFile; fileRef = F02600FA275FBA1F00B9B62C /* TopPageView.swift */; };
		F02601002760DB4F00B9B62C /* ImageLoader.swift in Sources */ = {isa = PBXBuildFile; fileRef = F02600FF2760DB4F00B9B62C /* ImageLoader.swift */; };
		F02601022760DFEB00B9B62C /* NewsCardView.swift in Sources */ = {isa = PBXBuildFile; fileRef = F02601012760DFEB00B9B62C /* NewsCardView.swift */; };
		F0260104276218B300B9B62C /* LikesPageView.swift in Sources */ = {isa = PBXBuildFile; fileRef = F0260103276218B300B9B62C /* LikesPageView.swift */; };
		F026010A276337D400B9B62C /* Consts.swift in Sources */ = {isa = PBXBuildFile; fileRef = F0260109276337D400B9B62C /* Consts.swift */; };
		F026010C276342C200B9B62C /* SearchView.swift in Sources */ = {isa = PBXBuildFile; fileRef = F026010B276342C200B9B62C /* SearchView.swift */; };
		F026010E27634D8C00B9B62C /* UIApplication.swift in Sources */ = {isa = PBXBuildFile; fileRef = F026010D27634D8B00B9B62C /* UIApplication.swift */; };
		F026011027636CB500B9B62C /* GoogleService-Info.plist in Resources */ = {isa = PBXBuildFile; fileRef = F026010F27636CB500B9B62C /* GoogleService-Info.plist */; };
		F02601122763A3A800B9B62C /* ViewExt.swift in Sources */ = {isa = PBXBuildFile; fileRef = F02601112763A3A800B9B62C /* ViewExt.swift */; };
		F0260115276620AF00B9B62C /* ProfilePageView.swift in Sources */ = {isa = PBXBuildFile; fileRef = F0260114276620AF00B9B62C /* ProfilePageView.swift */; };
		F0260117276855EA00B9B62C /* LikesVM.swift in Sources */ = {isa = PBXBuildFile; fileRef = F0260116276855EA00B9B62C /* LikesVM.swift */; };
		F0260119276859F300B9B62C /* LikesListView.swift in Sources */ = {isa = PBXBuildFile; fileRef = F0260118276859F300B9B62C /* LikesListView.swift */; };
		F026011B27685AE700B9B62C /* LikesCardView.swift in Sources */ = {isa = PBXBuildFile; fileRef = F026011A27685AE700B9B62C /* LikesCardView.swift */; };
		F026011E27685DC400B9B62C /* CoreDataSaveModelPublisher.swift in Sources */ = {isa = PBXBuildFile; fileRef = F026011D27685DC400B9B62C /* CoreDataSaveModelPublisher.swift */; };
		F0260120276870A500B9B62C /* CoreDataFetchResultPublisher.swift in Sources */ = {isa = PBXBuildFile; fileRef = F026011F276870A500B9B62C /* CoreDataFetchResultPublisher.swift */; };
		F0260122276870CA00B9B62C /* CoreDataDeleteModelPublisher.swift in Sources */ = {isa = PBXBuildFile; fileRef = F0260121276870CA00B9B62C /* CoreDataDeleteModelPublisher.swift */; };
		F02601242768714200B9B62C /* CoreDataStore.swift in Sources */ = {isa = PBXBuildFile; fileRef = F02601232768714200B9B62C /* CoreDataStore.swift */; };
		F02601272768AB5900B9B62C /* ViewRouter.swift in Sources */ = {isa = PBXBuildFile; fileRef = F02601262768AB5900B9B62C /* ViewRouter.swift */; };
		F02601292768CF9A00B9B62C /* TopListView.swift in Sources */ = {isa = PBXBuildFile; fileRef = F02601282768CF9A00B9B62C /* TopListView.swift */; };
		F026012B2768D28C00B9B62C /* DispQueue.swift in Sources */ = {isa = PBXBuildFile; fileRef = F026012A2768D28C00B9B62C /* DispQueue.swift */; };
		F026012E27690BC900B9B62C /* Rows.swift in Sources */ = {isa = PBXBuildFile; fileRef = F026012D27690BC900B9B62C /* Rows.swift */; };
		F02601322769AEE200B9B62C /* LikeButton.swift in Sources */ = {isa = PBXBuildFile; fileRef = F02601312769AEE200B9B62C /* LikeButton.swift */; };
		F02601342769B44700B9B62C /* ShareButton.swift in Sources */ = {isa = PBXBuildFile; fileRef = F02601332769B44700B9B62C /* ShareButton.swift */; };
		F02601362769E76200B9B62C /* WebViewExt.swift in Sources */ = {isa = PBXBuildFile; fileRef = F02601352769E76200B9B62C /* WebViewExt.swift */; };
		F02601382769F1AD00B9B62C /* DetailsTopView.swift in Sources */ = {isa = PBXBuildFile; fileRef = F02601372769F1AD00B9B62C /* DetailsTopView.swift */; };
		F026013A2769F54F00B9B62C /* ColorsAsset.xcassets in Resources */ = {isa = PBXBuildFile; fileRef = F02601392769F54F00B9B62C /* ColorsAsset.xcassets */; };
		F026013C2769FB7400B9B62C /* LoaderView.swift in Sources */ = {isa = PBXBuildFile; fileRef = F026013B2769FB7400B9B62C /* LoaderView.swift */; };
		F026013E276A44A500B9B62C /* CoronaVM.swift in Sources */ = {isa = PBXBuildFile; fileRef = F026013D276A44A500B9B62C /* CoronaVM.swift */; };
		F0260140276A452C00B9B62C /* CoronaRepository.swift in Sources */ = {isa = PBXBuildFile; fileRef = F026013F276A452C00B9B62C /* CoronaRepository.swift */; };
		F0260142276A45AE00B9B62C /* CoronaModels.swift in Sources */ = {isa = PBXBuildFile; fileRef = F0260141276A45AE00B9B62C /* CoronaModels.swift */; };
		F0260144276A473700B9B62C /* CoronaAPI.swift in Sources */ = {isa = PBXBuildFile; fileRef = F0260143276A473700B9B62C /* CoronaAPI.swift */; };
		F0260147276A490800B9B62C /* CoronaPageView.swift in Sources */ = {isa = PBXBuildFile; fileRef = F0260146276A490800B9B62C /* CoronaPageView.swift */; };
		F0260149276A499000B9B62C /* BarChartExt.swift in Sources */ = {isa = PBXBuildFile; fileRef = F0260148276A499000B9B62C /* BarChartExt.swift */; };
		F026014B276B173900B9B62C /* ProfileHeader.swift in Sources */ = {isa = PBXBuildFile; fileRef = F026014A276B173900B9B62C /* ProfileHeader.swift */; };
		F026014D276B191700B9B62C /* ImagePicker.swift in Sources */ = {isa = PBXBuildFile; fileRef = F026014C276B191700B9B62C /* ImagePicker.swift */; };
		F026014F276B4A1800B9B62C /* UsersManager.swift in Sources */ = {isa = PBXBuildFile; fileRef = F026014E276B4A1800B9B62C /* UsersManager.swift */; };
		F0260151276DFAD000B9B62C /* TopTabs.swift in Sources */ = {isa = PBXBuildFile; fileRef = F0260150276DFACF00B9B62C /* TopTabs.swift */; };
		F0260153276DFB3600B9B62C /* CoronaViewRouter.swift in Sources */ = {isa = PBXBuildFile; fileRef = F0260152276DFB3600B9B62C /* CoronaViewRouter.swift */; };
		F0260155276DFCFA00B9B62C /* ChartPageView.swift in Sources */ = {isa = PBXBuildFile; fileRef = F0260154276DFCFA00B9B62C /* ChartPageView.swift */; };
		F0260157276DFD5900B9B62C /* InfoPageView.swift in Sources */ = {isa = PBXBuildFile; fileRef = F0260156276DFD5900B9B62C /* InfoPageView.swift */; };
		F026015B276F680300B9B62C /* InfoView.swift in Sources */ = {isa = PBXBuildFile; fileRef = F026015A276F680300B9B62C /* InfoView.swift */; };
		F026015D276F68CC00B9B62C /* RoundImgText.swift in Sources */ = {isa = PBXBuildFile; fileRef = F026015C276F68CC00B9B62C /* RoundImgText.swift */; };
		F026015F276F68E300B9B62C /* HStackImgText.swift in Sources */ = {isa = PBXBuildFile; fileRef = F026015E276F68E300B9B62C /* HStackImgText.swift */; };
		F0260161276F690D00B9B62C /* InfoCardView.swift in Sources */ = {isa = PBXBuildFile; fileRef = F0260160276F690D00B9B62C /* InfoCardView.swift */; };
		F0260166276F6ABA00B9B62C /* ButtonImageInCircle.swift in Sources */ = {isa = PBXBuildFile; fileRef = F0260165276F6ABA00B9B62C /* ButtonImageInCircle.swift */; };
		F0260168276F6BFB00B9B62C /* TopTabItem.swift in Sources */ = {isa = PBXBuildFile; fileRef = F0260167276F6BFB00B9B62C /* TopTabItem.swift */; };
		F026016A276F6C2800B9B62C /* TopTabItemView.swift in Sources */ = {isa = PBXBuildFile; fileRef = F0260169276F6C2800B9B62C /* TopTabItemView.swift */; };
		F026016C276F7A2100B9B62C /* ArticleDetailWebView.swift in Sources */ = {isa = PBXBuildFile; fileRef = F026016B276F7A2100B9B62C /* ArticleDetailWebView.swift */; };
		F026016E2771C2E900B9B62C /* TextFieldAlertViewController.swift in Sources */ = {isa = PBXBuildFile; fileRef = F026016D2771C2E800B9B62C /* TextFieldAlertViewController.swift */; };
		F02601702771C30300B9B62C /* TextFieldAlert.swift in Sources */ = {isa = PBXBuildFile; fileRef = F026016F2771C30300B9B62C /* TextFieldAlert.swift */; };
		F0E5694127560C5D00D59BB1 /* NewsAppApp.swift in Sources */ = {isa = PBXBuildFile; fileRef = F0E5694027560C5D00D59BB1 /* NewsAppApp.swift */; };
		F0E5694327560C5D00D59BB1 /* ContentView.swift in Sources */ = {isa = PBXBuildFile; fileRef = F0E5694227560C5D00D59BB1 /* ContentView.swift */; };
		F0E5694527560C5F00D59BB1 /* Assets.xcassets in Resources */ = {isa = PBXBuildFile; fileRef = F0E5694427560C5F00D59BB1 /* Assets.xcassets */; };
		F0E5694827560C5F00D59BB1 /* Preview Assets.xcassets in Resources */ = {isa = PBXBuildFile; fileRef = F0E5694727560C5F00D59BB1 /* Preview Assets.xcassets */; };
		F0E5694A27560C5F00D59BB1 /* Persistence.swift in Sources */ = {isa = PBXBuildFile; fileRef = F0E5694927560C5F00D59BB1 /* Persistence.swift */; };
		F0E5694D27560C5F00D59BB1 /* NewsApp.xcdatamodeld in Sources */ = {isa = PBXBuildFile; fileRef = F0E5694B27560C5F00D59BB1 /* NewsApp.xcdatamodeld */; };
		F0E5695527560C8E00D59BB1 /* LoginView.swift in Sources */ = {isa = PBXBuildFile; fileRef = F0E5695427560C8E00D59BB1 /* LoginView.swift */; };
		F0E5695827560E5D00D59BB1 /* UiColor.swift in Sources */ = {isa = PBXBuildFile; fileRef = F0E5695727560E5D00D59BB1 /* UiColor.swift */; };
		F0E5695A275648A200D59BB1 /* RegisterView.swift in Sources */ = {isa = PBXBuildFile; fileRef = F0E56959275648A200D59BB1 /* RegisterView.swift */; };
		F0E5695C27564B3900D59BB1 /* Base.swift in Sources */ = {isa = PBXBuildFile; fileRef = F0E5695B27564B3900D59BB1 /* Base.swift */; };
		F0E5695E27564BEA00D59BB1 /* BottomNavBar.swift in Sources */ = {isa = PBXBuildFile; fileRef = F0E5695D27564BEA00D59BB1 /* BottomNavBar.swift */; };
		F0E5696027564C6E00D59BB1 /* SearchPageView.swift in Sources */ = {isa = PBXBuildFile; fileRef = F0E5695F27564C6E00D59BB1 /* SearchPageView.swift */; };
		F0E5696327564D8D00D59BB1 /* Article.swift in Sources */ = {isa = PBXBuildFile; fileRef = F0E5696227564D8D00D59BB1 /* Article.swift */; };
		F0E5696527564E3A00D59BB1 /* DetailsPageView.swift in Sources */ = {isa = PBXBuildFile; fileRef = F0E5696427564E3A00D59BB1 /* DetailsPageView.swift */; };
		F0E5696827564E9F00D59BB1 /* NewsViewModel.swift in Sources */ = {isa = PBXBuildFile; fileRef = F0E5696727564E9F00D59BB1 /* NewsViewModel.swift */; };
		F0E5696E2759245500D59BB1 /* NewsApi.swift in Sources */ = {isa = PBXBuildFile; fileRef = F0E5696D2759245500D59BB1 /* NewsApi.swift */; };
		F0E56970275926A800D59BB1 /* JSONEncoding.swift in Sources */ = {isa = PBXBuildFile; fileRef = F0E5696F275926A800D59BB1 /* JSONEncoding.swift */; };
		F0E56973275926D700D59BB1 /* NetworkError.swift in Sources */ = {isa = PBXBuildFile; fileRef = F0E56972275926D700D59BB1 /* NetworkError.swift */; };
		F0E56975275926F800D59BB1 /* NetworkResponseError.swift in Sources */ = {isa = PBXBuildFile; fileRef = F0E56974275926F800D59BB1 /* NetworkResponseError.swift */; };
		F0E5697827592B9200D59BB1 /* NetworkHelper.swift in Sources */ = {isa = PBXBuildFile; fileRef = F0E5697727592B9200D59BB1 /* NetworkHelper.swift */; };
		F0E5697A27592BE200D59BB1 /* EndPointType.swift in Sources */ = {isa = PBXBuildFile; fileRef = F0E5697927592BE200D59BB1 /* EndPointType.swift */; };
		F0E5697C27592BFE00D59BB1 /* HTTPMethod.swift in Sources */ = {isa = PBXBuildFile; fileRef = F0E5697B27592BFE00D59BB1 /* HTTPMethod.swift */; };
		F0E5697E27592C1A00D59BB1 /* HTTPTask.swift in Sources */ = {isa = PBXBuildFile; fileRef = F0E5697D27592C1A00D59BB1 /* HTTPTask.swift */; };
		F0E5698027592C6F00D59BB1 /* NetworkLogger.swift in Sources */ = {isa = PBXBuildFile; fileRef = F0E5697F27592C6F00D59BB1 /* NetworkLogger.swift */; };
		F0E5698227592C8600D59BB1 /* Router.swift in Sources */ = {isa = PBXBuildFile; fileRef = F0E5698127592C8600D59BB1 /* Router.swift */; };
		F0E5698827592E5100D59BB1 /* NewsRepository.swift in Sources */ = {isa = PBXBuildFile; fileRef = F0E5698727592E5100D59BB1 /* NewsRepository.swift */; };
		F0E5698A27592EC700D59BB1 /* ApiPost.swift in Sources */ = {isa = PBXBuildFile; fileRef = F0E5698927592EC700D59BB1 /* ApiPost.swift */; };
		F0E5698C2759350800D59BB1 /* ParamEncoding.swift in Sources */ = {isa = PBXBuildFile; fileRef = F0E5698B2759350800D59BB1 /* ParamEncoding.swift */; };
		F0E5698E2759352200D59BB1 /* URLParamEnncoding.swift in Sources */ = {isa = PBXBuildFile; fileRef = F0E5698D2759352200D59BB1 /* URLParamEnncoding.swift */; };
/* End PBXBuildFile section */

/* Begin PBXFileReference section */
		65F866B578F924330E1CB08E /* Pods-NewsApp.debug.xcconfig */ = {isa = PBXFileReference; includeInIndex = 1; lastKnownFileType = text.xcconfig; name = "Pods-NewsApp.debug.xcconfig"; path = "Target Support Files/Pods-NewsApp/Pods-NewsApp.debug.xcconfig"; sourceTree = "<group>"; };
		6B7F6E9474F27380FE4E5A76 /* Pods_NewsApp.framework */ = {isa = PBXFileReference; explicitFileType = wrapper.framework; includeInIndex = 0; path = Pods_NewsApp.framework; sourceTree = BUILT_PRODUCTS_DIR; };
		709111F21C481DF8232738F1 /* Pods-NewsApp.release.xcconfig */ = {isa = PBXFileReference; includeInIndex = 1; lastKnownFileType = text.xcconfig; name = "Pods-NewsApp.release.xcconfig"; path = "Target Support Files/Pods-NewsApp/Pods-NewsApp.release.xcconfig"; sourceTree = "<group>"; };
		F02600F0275FB57E00B9B62C /* SearchListView.swift */ = {isa = PBXFileReference; lastKnownFileType = sourcecode.swift; path = SearchListView.swift; sourceTree = "<group>"; };
		F02600F2275FB61700B9B62C /* ErrorView.swift */ = {isa = PBXFileReference; lastKnownFileType = sourcecode.swift; path = ErrorView.swift; sourceTree = "<group>"; };
		F02600FA275FBA1F00B9B62C /* TopPageView.swift */ = {isa = PBXFileReference; lastKnownFileType = sourcecode.swift; path = TopPageView.swift; sourceTree = "<group>"; };
		F02600FF2760DB4F00B9B62C /* ImageLoader.swift */ = {isa = PBXFileReference; lastKnownFileType = sourcecode.swift; path = ImageLoader.swift; sourceTree = "<group>"; };
		F02601012760DFEB00B9B62C /* NewsCardView.swift */ = {isa = PBXFileReference; lastKnownFileType = sourcecode.swift; path = NewsCardView.swift; sourceTree = "<group>"; };
		F0260103276218B300B9B62C /* LikesPageView.swift */ = {isa = PBXFileReference; lastKnownFileType = sourcecode.swift; path = LikesPageView.swift; sourceTree = "<group>"; };
		F0260109276337D400B9B62C /* Consts.swift */ = {isa = PBXFileReference; lastKnownFileType = sourcecode.swift; path = Consts.swift; sourceTree = "<group>"; };
		F026010B276342C200B9B62C /* SearchView.swift */ = {isa = PBXFileReference; lastKnownFileType = sourcecode.swift; path = SearchView.swift; sourceTree = "<group>"; };
		F026010D27634D8B00B9B62C /* UIApplication.swift */ = {isa = PBXFileReference; lastKnownFileType = sourcecode.swift; path = UIApplication.swift; sourceTree = "<group>"; };
		F026010F27636CB500B9B62C /* GoogleService-Info.plist */ = {isa = PBXFileReference; fileEncoding = 4; lastKnownFileType = text.plist.xml; path = "GoogleService-Info.plist"; sourceTree = "<group>"; };
		F02601112763A3A800B9B62C /* ViewExt.swift */ = {isa = PBXFileReference; lastKnownFileType = sourcecode.swift; path = ViewExt.swift; sourceTree = "<group>"; };
		F0260114276620AF00B9B62C /* ProfilePageView.swift */ = {isa = PBXFileReference; lastKnownFileType = sourcecode.swift; path = ProfilePageView.swift; sourceTree = "<group>"; };
		F0260116276855EA00B9B62C /* LikesVM.swift */ = {isa = PBXFileReference; lastKnownFileType = sourcecode.swift; path = LikesVM.swift; sourceTree = "<group>"; };
		F0260118276859F300B9B62C /* LikesListView.swift */ = {isa = PBXFileReference; lastKnownFileType = sourcecode.swift; path = LikesListView.swift; sourceTree = "<group>"; };
		F026011A27685AE700B9B62C /* LikesCardView.swift */ = {isa = PBXFileReference; lastKnownFileType = sourcecode.swift; path = LikesCardView.swift; sourceTree = "<group>"; };
		F026011D27685DC400B9B62C /* CoreDataSaveModelPublisher.swift */ = {isa = PBXFileReference; lastKnownFileType = sourcecode.swift; path = CoreDataSaveModelPublisher.swift; sourceTree = "<group>"; };
		F026011F276870A500B9B62C /* CoreDataFetchResultPublisher.swift */ = {isa = PBXFileReference; lastKnownFileType = sourcecode.swift; path = CoreDataFetchResultPublisher.swift; sourceTree = "<group>"; };
		F0260121276870CA00B9B62C /* CoreDataDeleteModelPublisher.swift */ = {isa = PBXFileReference; lastKnownFileType = sourcecode.swift; path = CoreDataDeleteModelPublisher.swift; sourceTree = "<group>"; };
		F02601232768714200B9B62C /* CoreDataStore.swift */ = {isa = PBXFileReference; lastKnownFileType = sourcecode.swift; path = CoreDataStore.swift; sourceTree = "<group>"; };
		F02601262768AB5900B9B62C /* ViewRouter.swift */ = {isa = PBXFileReference; lastKnownFileType = sourcecode.swift; path = ViewRouter.swift; sourceTree = "<group>"; };
		F02601282768CF9A00B9B62C /* TopListView.swift */ = {isa = PBXFileReference; lastKnownFileType = sourcecode.swift; path = TopListView.swift; sourceTree = "<group>"; };
		F026012A2768D28C00B9B62C /* DispQueue.swift */ = {isa = PBXFileReference; lastKnownFileType = sourcecode.swift; path = DispQueue.swift; sourceTree = "<group>"; };
		F026012D27690BC900B9B62C /* Rows.swift */ = {isa = PBXFileReference; lastKnownFileType = sourcecode.swift; path = Rows.swift; sourceTree = "<group>"; };
		F02601312769AEE200B9B62C /* LikeButton.swift */ = {isa = PBXFileReference; lastKnownFileType = sourcecode.swift; path = LikeButton.swift; sourceTree = "<group>"; };
		F02601332769B44700B9B62C /* ShareButton.swift */ = {isa = PBXFileReference; lastKnownFileType = sourcecode.swift; path = ShareButton.swift; sourceTree = "<group>"; };
		F02601352769E76200B9B62C /* WebViewExt.swift */ = {isa = PBXFileReference; lastKnownFileType = sourcecode.swift; path = WebViewExt.swift; sourceTree = "<group>"; };
		F02601372769F1AD00B9B62C /* DetailsTopView.swift */ = {isa = PBXFileReference; lastKnownFileType = sourcecode.swift; path = DetailsTopView.swift; sourceTree = "<group>"; };
		F02601392769F54F00B9B62C /* ColorsAsset.xcassets */ = {isa = PBXFileReference; lastKnownFileType = folder.assetcatalog; path = ColorsAsset.xcassets; sourceTree = "<group>"; };
		F026013B2769FB7400B9B62C /* LoaderView.swift */ = {isa = PBXFileReference; lastKnownFileType = sourcecode.swift; path = LoaderView.swift; sourceTree = "<group>"; };
		F026013D276A44A500B9B62C /* CoronaVM.swift */ = {isa = PBXFileReference; lastKnownFileType = sourcecode.swift; path = CoronaVM.swift; sourceTree = "<group>"; };
		F026013F276A452C00B9B62C /* CoronaRepository.swift */ = {isa = PBXFileReference; lastKnownFileType = sourcecode.swift; path = CoronaRepository.swift; sourceTree = "<group>"; };
		F0260141276A45AE00B9B62C /* CoronaModels.swift */ = {isa = PBXFileReference; lastKnownFileType = sourcecode.swift; path = CoronaModels.swift; sourceTree = "<group>"; };
		F0260143276A473700B9B62C /* CoronaAPI.swift */ = {isa = PBXFileReference; lastKnownFileType = sourcecode.swift; path = CoronaAPI.swift; sourceTree = "<group>"; };
		F0260146276A490800B9B62C /* CoronaPageView.swift */ = {isa = PBXFileReference; lastKnownFileType = sourcecode.swift; path = CoronaPageView.swift; sourceTree = "<group>"; };
		F0260148276A499000B9B62C /* BarChartExt.swift */ = {isa = PBXFileReference; lastKnownFileType = sourcecode.swift; path = BarChartExt.swift; sourceTree = "<group>"; };
		F026014A276B173900B9B62C /* ProfileHeader.swift */ = {isa = PBXFileReference; lastKnownFileType = sourcecode.swift; path = ProfileHeader.swift; sourceTree = "<group>"; };
		F026014C276B191700B9B62C /* ImagePicker.swift */ = {isa = PBXFileReference; lastKnownFileType = sourcecode.swift; path = ImagePicker.swift; sourceTree = "<group>"; };
		F026014E276B4A1800B9B62C /* UsersManager.swift */ = {isa = PBXFileReference; lastKnownFileType = sourcecode.swift; path = UsersManager.swift; sourceTree = "<group>"; };
		F0260150276DFACF00B9B62C /* TopTabs.swift */ = {isa = PBXFileReference; lastKnownFileType = sourcecode.swift; path = TopTabs.swift; sourceTree = "<group>"; };
		F0260152276DFB3600B9B62C /* CoronaViewRouter.swift */ = {isa = PBXFileReference; lastKnownFileType = sourcecode.swift; path = CoronaViewRouter.swift; sourceTree = "<group>"; };
		F0260154276DFCFA00B9B62C /* ChartPageView.swift */ = {isa = PBXFileReference; lastKnownFileType = sourcecode.swift; path = ChartPageView.swift; sourceTree = "<group>"; };
		F0260156276DFD5900B9B62C /* InfoPageView.swift */ = {isa = PBXFileReference; lastKnownFileType = sourcecode.swift; path = InfoPageView.swift; sourceTree = "<group>"; };
		F026015A276F680300B9B62C /* InfoView.swift */ = {isa = PBXFileReference; lastKnownFileType = sourcecode.swift; path = InfoView.swift; sourceTree = "<group>"; };
		F026015C276F68CC00B9B62C /* RoundImgText.swift */ = {isa = PBXFileReference; lastKnownFileType = sourcecode.swift; path = RoundImgText.swift; sourceTree = "<group>"; };
		F026015E276F68E300B9B62C /* HStackImgText.swift */ = {isa = PBXFileReference; lastKnownFileType = sourcecode.swift; path = HStackImgText.swift; sourceTree = "<group>"; };
		F0260160276F690D00B9B62C /* InfoCardView.swift */ = {isa = PBXFileReference; lastKnownFileType = sourcecode.swift; path = InfoCardView.swift; sourceTree = "<group>"; };
		F0260165276F6ABA00B9B62C /* ButtonImageInCircle.swift */ = {isa = PBXFileReference; lastKnownFileType = sourcecode.swift; path = ButtonImageInCircle.swift; sourceTree = "<group>"; };
		F0260167276F6BFB00B9B62C /* TopTabItem.swift */ = {isa = PBXFileReference; lastKnownFileType = sourcecode.swift; path = TopTabItem.swift; sourceTree = "<group>"; };
		F0260169276F6C2800B9B62C /* TopTabItemView.swift */ = {isa = PBXFileReference; lastKnownFileType = sourcecode.swift; path = TopTabItemView.swift; sourceTree = "<group>"; };
		F026016B276F7A2100B9B62C /* ArticleDetailWebView.swift */ = {isa = PBXFileReference; lastKnownFileType = sourcecode.swift; path = ArticleDetailWebView.swift; sourceTree = "<group>"; };
		F026016D2771C2E800B9B62C /* TextFieldAlertViewController.swift */ = {isa = PBXFileReference; lastKnownFileType = sourcecode.swift; path = TextFieldAlertViewController.swift; sourceTree = "<group>"; };
		F026016F2771C30300B9B62C /* TextFieldAlert.swift */ = {isa = PBXFileReference; lastKnownFileType = sourcecode.swift; path = TextFieldAlert.swift; sourceTree = "<group>"; };
		F0E5693D27560C5D00D59BB1 /* NewsApp.app */ = {isa = PBXFileReference; explicitFileType = wrapper.application; includeInIndex = 0; path = NewsApp.app; sourceTree = BUILT_PRODUCTS_DIR; };
		F0E5694027560C5D00D59BB1 /* NewsAppApp.swift */ = {isa = PBXFileReference; lastKnownFileType = sourcecode.swift; path = NewsAppApp.swift; sourceTree = "<group>"; };
		F0E5694227560C5D00D59BB1 /* ContentView.swift */ = {isa = PBXFileReference; lastKnownFileType = sourcecode.swift; path = ContentView.swift; sourceTree = "<group>"; };
		F0E5694427560C5F00D59BB1 /* Assets.xcassets */ = {isa = PBXFileReference; lastKnownFileType = folder.assetcatalog; path = Assets.xcassets; sourceTree = "<group>"; };
		F0E5694727560C5F00D59BB1 /* Preview Assets.xcassets */ = {isa = PBXFileReference; lastKnownFileType = folder.assetcatalog; path = "Preview Assets.xcassets"; sourceTree = "<group>"; };
		F0E5694927560C5F00D59BB1 /* Persistence.swift */ = {isa = PBXFileReference; lastKnownFileType = sourcecode.swift; path = Persistence.swift; sourceTree = "<group>"; };
		F0E5694C27560C5F00D59BB1 /* NewsApp.xcdatamodel */ = {isa = PBXFileReference; lastKnownFileType = wrapper.xcdatamodel; path = NewsApp.xcdatamodel; sourceTree = "<group>"; };
		F0E5694E27560C5F00D59BB1 /* Info.plist */ = {isa = PBXFileReference; lastKnownFileType = text.plist.xml; path = Info.plist; sourceTree = "<group>"; };
		F0E5695427560C8E00D59BB1 /* LoginView.swift */ = {isa = PBXFileReference; lastKnownFileType = sourcecode.swift; path = LoginView.swift; sourceTree = "<group>"; };
		F0E5695727560E5D00D59BB1 /* UiColor.swift */ = {isa = PBXFileReference; lastKnownFileType = sourcecode.swift; path = UiColor.swift; sourceTree = "<group>"; };
		F0E56959275648A200D59BB1 /* RegisterView.swift */ = {isa = PBXFileReference; lastKnownFileType = sourcecode.swift; path = RegisterView.swift; sourceTree = "<group>"; };
		F0E5695B27564B3900D59BB1 /* Base.swift */ = {isa = PBXFileReference; lastKnownFileType = sourcecode.swift; path = Base.swift; sourceTree = "<group>"; };
		F0E5695D27564BEA00D59BB1 /* BottomNavBar.swift */ = {isa = PBXFileReference; lastKnownFileType = sourcecode.swift; path = BottomNavBar.swift; sourceTree = "<group>"; };
		F0E5695F27564C6E00D59BB1 /* SearchPageView.swift */ = {isa = PBXFileReference; lastKnownFileType = sourcecode.swift; path = SearchPageView.swift; sourceTree = "<group>"; };
		F0E5696227564D8D00D59BB1 /* Article.swift */ = {isa = PBXFileReference; lastKnownFileType = sourcecode.swift; path = Article.swift; sourceTree = "<group>"; };
		F0E5696427564E3A00D59BB1 /* DetailsPageView.swift */ = {isa = PBXFileReference; lastKnownFileType = sourcecode.swift; path = DetailsPageView.swift; sourceTree = "<group>"; };
		F0E5696727564E9F00D59BB1 /* NewsViewModel.swift */ = {isa = PBXFileReference; lastKnownFileType = sourcecode.swift; path = NewsViewModel.swift; sourceTree = "<group>"; };
		F0E5696D2759245500D59BB1 /* NewsApi.swift */ = {isa = PBXFileReference; lastKnownFileType = sourcecode.swift; path = NewsApi.swift; sourceTree = "<group>"; };
		F0E5696F275926A800D59BB1 /* JSONEncoding.swift */ = {isa = PBXFileReference; lastKnownFileType = sourcecode.swift; path = JSONEncoding.swift; sourceTree = "<group>"; };
		F0E56972275926D700D59BB1 /* NetworkError.swift */ = {isa = PBXFileReference; lastKnownFileType = sourcecode.swift; path = NetworkError.swift; sourceTree = "<group>"; };
		F0E56974275926F800D59BB1 /* NetworkResponseError.swift */ = {isa = PBXFileReference; lastKnownFileType = sourcecode.swift; path = NetworkResponseError.swift; sourceTree = "<group>"; };
		F0E5697727592B9200D59BB1 /* NetworkHelper.swift */ = {isa = PBXFileReference; lastKnownFileType = sourcecode.swift; path = NetworkHelper.swift; sourceTree = "<group>"; };
		F0E5697927592BE200D59BB1 /* EndPointType.swift */ = {isa = PBXFileReference; lastKnownFileType = sourcecode.swift; path = EndPointType.swift; sourceTree = "<group>"; };
		F0E5697B27592BFE00D59BB1 /* HTTPMethod.swift */ = {isa = PBXFileReference; lastKnownFileType = sourcecode.swift; path = HTTPMethod.swift; sourceTree = "<group>"; };
		F0E5697D27592C1A00D59BB1 /* HTTPTask.swift */ = {isa = PBXFileReference; lastKnownFileType = sourcecode.swift; path = HTTPTask.swift; sourceTree = "<group>"; };
		F0E5697F27592C6F00D59BB1 /* NetworkLogger.swift */ = {isa = PBXFileReference; lastKnownFileType = sourcecode.swift; path = NetworkLogger.swift; sourceTree = "<group>"; };
		F0E5698127592C8600D59BB1 /* Router.swift */ = {isa = PBXFileReference; lastKnownFileType = sourcecode.swift; path = Router.swift; sourceTree = "<group>"; };
		F0E5698727592E5100D59BB1 /* NewsRepository.swift */ = {isa = PBXFileReference; lastKnownFileType = sourcecode.swift; path = NewsRepository.swift; sourceTree = "<group>"; };
		F0E5698927592EC700D59BB1 /* ApiPost.swift */ = {isa = PBXFileReference; lastKnownFileType = sourcecode.swift; path = ApiPost.swift; sourceTree = "<group>"; };
		F0E5698B2759350800D59BB1 /* ParamEncoding.swift */ = {isa = PBXFileReference; lastKnownFileType = sourcecode.swift; path = ParamEncoding.swift; sourceTree = "<group>"; };
		F0E5698D2759352200D59BB1 /* URLParamEnncoding.swift */ = {isa = PBXFileReference; lastKnownFileType = sourcecode.swift; path = URLParamEnncoding.swift; sourceTree = "<group>"; };
/* End PBXFileReference section */

/* Begin PBXFrameworksBuildPhase section */
		F0E5693A27560C5D00D59BB1 /* Frameworks */ = {
			isa = PBXFrameworksBuildPhase;
			buildActionMask = 2147483647;
			files = (
				D91AA882D918B9CA62D83D7E /* Pods_NewsApp.framework in Frameworks */,
			);
			runOnlyForDeploymentPostprocessing = 0;
		};
/* End PBXFrameworksBuildPhase section */

/* Begin PBXGroup section */
		0A8CCD2ED271CB0648E53F11 /* Frameworks */ = {
			isa = PBXGroup;
			children = (
				6B7F6E9474F27380FE4E5A76 /* Pods_NewsApp.framework */,
			);
			name = Frameworks;
			sourceTree = "<group>";
		};
		1717F47A32C8C8F0B531A81C /* Pods */ = {
			isa = PBXGroup;
			children = (
				65F866B578F924330E1CB08E /* Pods-NewsApp.debug.xcconfig */,
				709111F21C481DF8232738F1 /* Pods-NewsApp.release.xcconfig */,
			);
			path = Pods;
			sourceTree = "<group>";
		};
		F02600F4275FB72400B9B62C /* Helper */ = {
			isa = PBXGroup;
			children = (
				F02600F2275FB61700B9B62C /* ErrorView.swift */,
			);
			path = Helper;
			sourceTree = "<group>";
		};
		F02600F5275FB76F00B9B62C /* Top */ = {
			isa = PBXGroup;
			children = (
				F02600FA275FBA1F00B9B62C /* TopPageView.swift */,
				F02601282768CF9A00B9B62C /* TopListView.swift */,
			);
			path = Top;
			sourceTree = "<group>";
		};
		F02600F6275FB77F00B9B62C /* Likes */ = {
			isa = PBXGroup;
			children = (
				F0260118276859F300B9B62C /* LikesListView.swift */,
				F0260103276218B300B9B62C /* LikesPageView.swift */,
			);
			path = Likes;
			sourceTree = "<group>";
		};
		F02600F7275FB78900B9B62C /* LoginRegister */ = {
			isa = PBXGroup;
			children = (
				F0E56959275648A200D59BB1 /* RegisterView.swift */,
				F0E5695427560C8E00D59BB1 /* LoginView.swift */,
			);
			path = LoginRegister;
			sourceTree = "<group>";
		};
		F02600F9275FB9E500B9B62C /* Search */ = {
			isa = PBXGroup;
			children = (
				F026010B276342C200B9B62C /* SearchView.swift */,
				F02600F0275FB57E00B9B62C /* SearchListView.swift */,
				F0E5695F27564C6E00D59BB1 /* SearchPageView.swift */,
			);
			path = Search;
			sourceTree = "<group>";
		};
		F02600FC275FBA7200B9B62C /* Details */ = {
			isa = PBXGroup;
			children = (
				F0E5696427564E3A00D59BB1 /* DetailsPageView.swift */,
				F026016B276F7A2100B9B62C /* ArticleDetailWebView.swift */,
			);
			path = Details;
			sourceTree = "<group>";
		};
		F0260108276337C800B9B62C /* Utils */ = {
			isa = PBXGroup;
			children = (
				F0260109276337D400B9B62C /* Consts.swift */,
				F026013B2769FB7400B9B62C /* LoaderView.swift */,
				F026014E276B4A1800B9B62C /* UsersManager.swift */,
			);
			path = Utils;
			sourceTree = "<group>";
		};
		F02601132766209E00B9B62C /* Profile */ = {
			isa = PBXGroup;
			children = (
				F0260114276620AF00B9B62C /* ProfilePageView.swift */,
				F026014A276B173900B9B62C /* ProfileHeader.swift */,
			);
			path = Profile;
			sourceTree = "<group>";
		};
		F026011C27685D7200B9B62C /* CoreData */ = {
			isa = PBXGroup;
			children = (
				F026011D27685DC400B9B62C /* CoreDataSaveModelPublisher.swift */,
				F026011F276870A500B9B62C /* CoreDataFetchResultPublisher.swift */,
				F0260121276870CA00B9B62C /* CoreDataDeleteModelPublisher.swift */,
				F02601232768714200B9B62C /* CoreDataStore.swift */,
			);
			path = CoreData;
			sourceTree = "<group>";
		};
		F02601252768AB1F00B9B62C /* Navigation */ = {
			isa = PBXGroup;
			children = (
				F0260164276F6A7F00B9B62C /* Details */,
				F0260163276F6A3A00B9B62C /* TopNav */,
				F0260162276F6A2E00B9B62C /* BottomNav */,
			);
			path = Navigation;
			sourceTree = "<group>";
		};
		F026012C27690BBB00B9B62C /* Rows */ = {
			isa = PBXGroup;
			children = (
				F026012D27690BC900B9B62C /* Rows.swift */,
			);
			path = Rows;
			sourceTree = "<group>";
		};
		F026012F27690EE500B9B62C /* CardViews */ = {
			isa = PBXGroup;
			children = (
				F02601012760DFEB00B9B62C /* NewsCardView.swift */,
				F026011A27685AE700B9B62C /* LikesCardView.swift */,
				F0260160276F690D00B9B62C /* InfoCardView.swift */,
			);
			path = CardViews;
			sourceTree = "<group>";
		};
		F02601302769AED500B9B62C /* Buttons */ = {
			isa = PBXGroup;
			children = (
				F02601312769AEE200B9B62C /* LikeButton.swift */,
				F02601332769B44700B9B62C /* ShareButton.swift */,
				F0260165276F6ABA00B9B62C /* ButtonImageInCircle.swift */,
			);
			path = Buttons;
			sourceTree = "<group>";
		};
		F0260145276A48F300B9B62C /* Corona */ = {
			isa = PBXGroup;
			children = (
				F0260159276F67B600B9B62C /* Info */,
				F0260158276F67AC00B9B62C /* Chart */,
				F0260146276A490800B9B62C /* CoronaPageView.swift */,
			);
			path = Corona;
			sourceTree = "<group>";
		};
		F0260158276F67AC00B9B62C /* Chart */ = {
			isa = PBXGroup;
			children = (
				F0260154276DFCFA00B9B62C /* ChartPageView.swift */,
			);
			path = Chart;
			sourceTree = "<group>";
		};
		F0260159276F67B600B9B62C /* Info */ = {
			isa = PBXGroup;
			children = (
				F0260156276DFD5900B9B62C /* InfoPageView.swift */,
				F026015A276F680300B9B62C /* InfoView.swift */,
				F026015C276F68CC00B9B62C /* RoundImgText.swift */,
				F026015E276F68E300B9B62C /* HStackImgText.swift */,
			);
			path = Info;
			sourceTree = "<group>";
		};
		F0260162276F6A2E00B9B62C /* BottomNav */ = {
			isa = PBXGroup;
			children = (
				F02601262768AB5900B9B62C /* ViewRouter.swift */,
				F0E5695D27564BEA00D59BB1 /* BottomNavBar.swift */,
			);
			path = BottomNav;
			sourceTree = "<group>";
		};
		F0260163276F6A3A00B9B62C /* TopNav */ = {
			isa = PBXGroup;
			children = (
				F0260152276DFB3600B9B62C /* CoronaViewRouter.swift */,
				F0260150276DFACF00B9B62C /* TopTabs.swift */,
				F0260167276F6BFB00B9B62C /* TopTabItem.swift */,
				F0260169276F6C2800B9B62C /* TopTabItemView.swift */,
			);
			path = TopNav;
			sourceTree = "<group>";
		};
		F0260164276F6A7F00B9B62C /* Details */ = {
			isa = PBXGroup;
			children = (
				F02601372769F1AD00B9B62C /* DetailsTopView.swift */,
			);
			path = Details;
			sourceTree = "<group>";
		};
		F0E5693427560C5D00D59BB1 = {
			isa = PBXGroup;
			children = (
				F026010F27636CB500B9B62C /* GoogleService-Info.plist */,
				F0E5693F27560C5D00D59BB1 /* NewsApp */,
				F0E5693E27560C5D00D59BB1 /* Products */,
				1717F47A32C8C8F0B531A81C /* Pods */,
				0A8CCD2ED271CB0648E53F11 /* Frameworks */,
			);
			sourceTree = "<group>";
		};
		F0E5693E27560C5D00D59BB1 /* Products */ = {
			isa = PBXGroup;
			children = (
				F0E5693D27560C5D00D59BB1 /* NewsApp.app */,
			);
			name = Products;
			sourceTree = "<group>";
		};
		F0E5693F27560C5D00D59BB1 /* NewsApp */ = {
			isa = PBXGroup;
			children = (
				F02601252768AB1F00B9B62C /* Navigation */,
				F026011C27685D7200B9B62C /* CoreData */,
				F0260108276337C800B9B62C /* Utils */,
				F0E5698F2759357E00D59BB1 /* Views */,
				F0E5698627592E4100D59BB1 /* Repository */,
				F0E56969275922D400D59BB1 /* Networking */,
				F0E5696627564E9000D59BB1 /* ViewModels */,
				F0E5696127564D7100D59BB1 /* Models */,
				F0E5695627560E4200D59BB1 /* Ext */,
				F0E5694027560C5D00D59BB1 /* NewsAppApp.swift */,
				F0E5694227560C5D00D59BB1 /* ContentView.swift */,
				F0E5694427560C5F00D59BB1 /* Assets.xcassets */,
				F0E5694927560C5F00D59BB1 /* Persistence.swift */,
				F0E5694E27560C5F00D59BB1 /* Info.plist */,
				F0E5694B27560C5F00D59BB1 /* NewsApp.xcdatamodeld */,
				F0E5694627560C5F00D59BB1 /* Preview Content */,
				F02601392769F54F00B9B62C /* ColorsAsset.xcassets */,
			);
			path = NewsApp;
			sourceTree = "<group>";
		};
		F0E5694627560C5F00D59BB1 /* Preview Content */ = {
			isa = PBXGroup;
			children = (
				F0E5694727560C5F00D59BB1 /* Preview Assets.xcassets */,
			);
			path = "Preview Content";
			sourceTree = "<group>";
		};
		F0E5695627560E4200D59BB1 /* Ext */ = {
			isa = PBXGroup;
			children = (
				F0E5695727560E5D00D59BB1 /* UiColor.swift */,
				F02600FF2760DB4F00B9B62C /* ImageLoader.swift */,
				F026010D27634D8B00B9B62C /* UIApplication.swift */,
				F02601112763A3A800B9B62C /* ViewExt.swift */,
				F026012A2768D28C00B9B62C /* DispQueue.swift */,
				F02601352769E76200B9B62C /* WebViewExt.swift */,
				F0260148276A499000B9B62C /* BarChartExt.swift */,
				F026014C276B191700B9B62C /* ImagePicker.swift */,
				F026016D2771C2E800B9B62C /* TextFieldAlertViewController.swift */,
				F026016F2771C30300B9B62C /* TextFieldAlert.swift */,
			);
			path = Ext;
			sourceTree = "<group>";
		};
		F0E5696127564D7100D59BB1 /* Models */ = {
			isa = PBXGroup;
			children = (
				F0E5696227564D8D00D59BB1 /* Article.swift */,
				F0E5698927592EC700D59BB1 /* ApiPost.swift */,
				F0260141276A45AE00B9B62C /* CoronaModels.swift */,
			);
			path = Models;
			sourceTree = "<group>";
		};
		F0E5696627564E9000D59BB1 /* ViewModels */ = {
			isa = PBXGroup;
			children = (
				F0E5696727564E9F00D59BB1 /* NewsViewModel.swift */,
				F0260116276855EA00B9B62C /* LikesVM.swift */,
				F026013D276A44A500B9B62C /* CoronaVM.swift */,
			);
			path = ViewModels;
			sourceTree = "<group>";
		};
		F0E56969275922D400D59BB1 /* Networking */ = {
			isa = PBXGroup;
			children = (
				F0E5697627592B7F00D59BB1 /* Helper */,
				F0E56971275926C800D59BB1 /* Errors */,
				F0E5696C2759230300D59BB1 /* Service */,
				F0E5696B275922FC00D59BB1 /* Encoding */,
				F0E5696A275922E100D59BB1 /* API */,
			);
			path = Networking;
			sourceTree = "<group>";
		};
		F0E5696A275922E100D59BB1 /* API */ = {
			isa = PBXGroup;
			children = (
				F0E5696D2759245500D59BB1 /* NewsApi.swift */,
				F0260143276A473700B9B62C /* CoronaAPI.swift */,
			);
			path = API;
			sourceTree = "<group>";
		};
		F0E5696B275922FC00D59BB1 /* Encoding */ = {
			isa = PBXGroup;
			children = (
				F0E5696F275926A800D59BB1 /* JSONEncoding.swift */,
				F0E5698B2759350800D59BB1 /* ParamEncoding.swift */,
				F0E5698D2759352200D59BB1 /* URLParamEnncoding.swift */,
			);
			path = Encoding;
			sourceTree = "<group>";
		};
		F0E5696C2759230300D59BB1 /* Service */ = {
			isa = PBXGroup;
			children = (
				F0E5697927592BE200D59BB1 /* EndPointType.swift */,
				F0E5697B27592BFE00D59BB1 /* HTTPMethod.swift */,
				F0E5697D27592C1A00D59BB1 /* HTTPTask.swift */,
				F0E5697F27592C6F00D59BB1 /* NetworkLogger.swift */,
				F0E5698127592C8600D59BB1 /* Router.swift */,
			);
			path = Service;
			sourceTree = "<group>";
		};
		F0E56971275926C800D59BB1 /* Errors */ = {
			isa = PBXGroup;
			children = (
				F0E56972275926D700D59BB1 /* NetworkError.swift */,
				F0E56974275926F800D59BB1 /* NetworkResponseError.swift */,
			);
			path = Errors;
			sourceTree = "<group>";
		};
		F0E5697627592B7F00D59BB1 /* Helper */ = {
			isa = PBXGroup;
			children = (
				F0E5697727592B9200D59BB1 /* NetworkHelper.swift */,
			);
			path = Helper;
			sourceTree = "<group>";
		};
		F0E5698627592E4100D59BB1 /* Repository */ = {
			isa = PBXGroup;
			children = (
				F0E5698727592E5100D59BB1 /* NewsRepository.swift */,
				F026013F276A452C00B9B62C /* CoronaRepository.swift */,
			);
			path = Repository;
			sourceTree = "<group>";
		};
		F0E5698F2759357E00D59BB1 /* Views */ = {
			isa = PBXGroup;
			children = (
				F0260145276A48F300B9B62C /* Corona */,
				F02601302769AED500B9B62C /* Buttons */,
				F026012F27690EE500B9B62C /* CardViews */,
				F026012C27690BBB00B9B62C /* Rows */,
				F02601132766209E00B9B62C /* Profile */,
				F02600FC275FBA7200B9B62C /* Details */,
				F02600F9275FB9E500B9B62C /* Search */,
				F02600F7275FB78900B9B62C /* LoginRegister */,
				F02600F6275FB77F00B9B62C /* Likes */,
				F02600F5275FB76F00B9B62C /* Top */,
				F02600F4275FB72400B9B62C /* Helper */,
				F0E5695B27564B3900D59BB1 /* Base.swift */,
			);
			path = Views;
			sourceTree = "<group>";
		};
/* End PBXGroup section */

/* Begin PBXNativeTarget section */
		F0E5693C27560C5D00D59BB1 /* NewsApp */ = {
			isa = PBXNativeTarget;
			buildConfigurationList = F0E5695127560C5F00D59BB1 /* Build configuration list for PBXNativeTarget "NewsApp" */;
			buildPhases = (
				DBBE0A8C8D03A997B18B8505 /* [CP] Check Pods Manifest.lock */,
				F0E5693927560C5D00D59BB1 /* Sources */,
				F0E5693A27560C5D00D59BB1 /* Frameworks */,
				F0E5693B27560C5D00D59BB1 /* Resources */,
				758727C011E3BF0019BDE446 /* [CP] Embed Pods Frameworks */,
			);
			buildRules = (
			);
			dependencies = (
			);
			name = NewsApp;
			productName = NewsApp;
			productReference = F0E5693D27560C5D00D59BB1 /* NewsApp.app */;
			productType = "com.apple.product-type.application";
		};
/* End PBXNativeTarget section */

/* Begin PBXProject section */
		F0E5693527560C5D00D59BB1 /* Project object */ = {
			isa = PBXProject;
			attributes = {
				LastSwiftUpdateCheck = 1250;
				LastUpgradeCheck = 1250;
				TargetAttributes = {
					F0E5693C27560C5D00D59BB1 = {
						CreatedOnToolsVersion = 12.5.1;
					};
				};
			};
			buildConfigurationList = F0E5693827560C5D00D59BB1 /* Build configuration list for PBXProject "NewsApp" */;
			compatibilityVersion = "Xcode 9.3";
			developmentRegion = en;
			hasScannedForEncodings = 0;
			knownRegions = (
				en,
				Base,
			);
			mainGroup = F0E5693427560C5D00D59BB1;
			productRefGroup = F0E5693E27560C5D00D59BB1 /* Products */;
			projectDirPath = "";
			projectRoot = "";
			targets = (
				F0E5693C27560C5D00D59BB1 /* NewsApp */,
			);
		};
/* End PBXProject section */

/* Begin PBXResourcesBuildPhase section */
		F0E5693B27560C5D00D59BB1 /* Resources */ = {
			isa = PBXResourcesBuildPhase;
			buildActionMask = 2147483647;
			files = (
				F0E5694827560C5F00D59BB1 /* Preview Assets.xcassets in Resources */,
				F0E5694527560C5F00D59BB1 /* Assets.xcassets in Resources */,
				F026013A2769F54F00B9B62C /* ColorsAsset.xcassets in Resources */,
				F026011027636CB500B9B62C /* GoogleService-Info.plist in Resources */,
			);
			runOnlyForDeploymentPostprocessing = 0;
		};
/* End PBXResourcesBuildPhase section */

/* Begin PBXShellScriptBuildPhase section */
		758727C011E3BF0019BDE446 /* [CP] Embed Pods Frameworks */ = {
			isa = PBXShellScriptBuildPhase;
			buildActionMask = 2147483647;
			files = (
			);
			inputFileListPaths = (
				"${PODS_ROOT}/Target Support Files/Pods-NewsApp/Pods-NewsApp-frameworks-${CONFIGURATION}-input-files.xcfilelist",
			);
			name = "[CP] Embed Pods Frameworks";
			outputFileListPaths = (
				"${PODS_ROOT}/Target Support Files/Pods-NewsApp/Pods-NewsApp-frameworks-${CONFIGURATION}-output-files.xcfilelist",
			);
			runOnlyForDeploymentPostprocessing = 0;
			shellPath = /bin/sh;
			shellScript = "\"${PODS_ROOT}/Target Support Files/Pods-NewsApp/Pods-NewsApp-frameworks.sh\"\n";
			showEnvVarsInLog = 0;
		};
		DBBE0A8C8D03A997B18B8505 /* [CP] Check Pods Manifest.lock */ = {
			isa = PBXShellScriptBuildPhase;
			buildActionMask = 2147483647;
			files = (
			);
			inputFileListPaths = (
			);
			inputPaths = (
				"${PODS_PODFILE_DIR_PATH}/Podfile.lock",
				"${PODS_ROOT}/Manifest.lock",
			);
			name = "[CP] Check Pods Manifest.lock";
			outputFileListPaths = (
			);
			outputPaths = (
				"$(DERIVED_FILE_DIR)/Pods-NewsApp-checkManifestLockResult.txt",
			);
			runOnlyForDeploymentPostprocessing = 0;
			shellPath = /bin/sh;
			shellScript = "diff \"${PODS_PODFILE_DIR_PATH}/Podfile.lock\" \"${PODS_ROOT}/Manifest.lock\" > /dev/null\nif [ $? != 0 ] ; then\n    # print error to STDERR\n    echo \"error: The sandbox is not in sync with the Podfile.lock. Run 'pod install' or update your CocoaPods installation.\" >&2\n    exit 1\nfi\n# This output is used by Xcode 'outputs' to avoid re-running this script phase.\necho \"SUCCESS\" > \"${SCRIPT_OUTPUT_FILE_0}\"\n";
			showEnvVarsInLog = 0;
		};
/* End PBXShellScriptBuildPhase section */

/* Begin PBXSourcesBuildPhase section */
		F0E5693927560C5D00D59BB1 /* Sources */ = {
			isa = PBXSourcesBuildPhase;
			buildActionMask = 2147483647;
			files = (
				F026016C276F7A2100B9B62C /* ArticleDetailWebView.swift in Sources */,
				F02601702771C30300B9B62C /* TextFieldAlert.swift in Sources */,
				F02600FB275FBA1F00B9B62C /* TopPageView.swift in Sources */,
				F0E5697E27592C1A00D59BB1 /* HTTPTask.swift in Sources */,
				F0E5696327564D8D00D59BB1 /* Article.swift in Sources */,
				F0E56973275926D700D59BB1 /* NetworkError.swift in Sources */,
				F026015B276F680300B9B62C /* InfoView.swift in Sources */,
				F0E5694A27560C5F00D59BB1 /* Persistence.swift in Sources */,
				F02601002760DB4F00B9B62C /* ImageLoader.swift in Sources */,
				F026014F276B4A1800B9B62C /* UsersManager.swift in Sources */,
				F0E5697A27592BE200D59BB1 /* EndPointType.swift in Sources */,
				F026016A276F6C2800B9B62C /* TopTabItemView.swift in Sources */,
				F0260157276DFD5900B9B62C /* InfoPageView.swift in Sources */,
				F02601022760DFEB00B9B62C /* NewsCardView.swift in Sources */,
				F026010E27634D8C00B9B62C /* UIApplication.swift in Sources */,
				F02601242768714200B9B62C /* CoreDataStore.swift in Sources */,
				F0E5695827560E5D00D59BB1 /* UiColor.swift in Sources */,
				F026015D276F68CC00B9B62C /* RoundImgText.swift in Sources */,
				F0260115276620AF00B9B62C /* ProfilePageView.swift in Sources */,
				F0260144276A473700B9B62C /* CoronaAPI.swift in Sources */,
				F0260117276855EA00B9B62C /* LikesVM.swift in Sources */,
				F02601362769E76200B9B62C /* WebViewExt.swift in Sources */,
				F02600F1275FB57E00B9B62C /* SearchListView.swift in Sources */,
				F0260119276859F300B9B62C /* LikesListView.swift in Sources */,
				F0260153276DFB3600B9B62C /* CoronaViewRouter.swift in Sources */,
				F0E5695E27564BEA00D59BB1 /* BottomNavBar.swift in Sources */,
				F0260161276F690D00B9B62C /* InfoCardView.swift in Sources */,
				F026013C2769FB7400B9B62C /* LoaderView.swift in Sources */,
				F0260120276870A500B9B62C /* CoreDataFetchResultPublisher.swift in Sources */,
				F0E5698E2759352200D59BB1 /* URLParamEnncoding.swift in Sources */,
				F02601322769AEE200B9B62C /* LikeButton.swift in Sources */,
				F0260104276218B300B9B62C /* LikesPageView.swift in Sources */,
				F026014D276B191700B9B62C /* ImagePicker.swift in Sources */,
				F0E5698827592E5100D59BB1 /* NewsRepository.swift in Sources */,
				F0E5694327560C5D00D59BB1 /* ContentView.swift in Sources */,
				F0E5696527564E3A00D59BB1 /* DetailsPageView.swift in Sources */,
				F0E5697C27592BFE00D59BB1 /* HTTPMethod.swift in Sources */,
				F026012E27690BC900B9B62C /* Rows.swift in Sources */,
				F0E5698027592C6F00D59BB1 /* NetworkLogger.swift in Sources */,
				F0260155276DFCFA00B9B62C /* ChartPageView.swift in Sources */,
				F026011B27685AE700B9B62C /* LikesCardView.swift in Sources */,
				F02601272768AB5900B9B62C /* ViewRouter.swift in Sources */,
				F0E5696827564E9F00D59BB1 /* NewsViewModel.swift in Sources */,
				F0E5695A275648A200D59BB1 /* RegisterView.swift in Sources */,
				F0E56970275926A800D59BB1 /* JSONEncoding.swift in Sources */,
				F0E5697827592B9200D59BB1 /* NetworkHelper.swift in Sources */,
				F0260151276DFAD000B9B62C /* TopTabs.swift in Sources */,
				F026013E276A44A500B9B62C /* CoronaVM.swift in Sources */,
				F0260149276A499000B9B62C /* BarChartExt.swift in Sources */,
				F026010C276342C200B9B62C /* SearchView.swift in Sources */,
				F0260147276A490800B9B62C /* CoronaPageView.swift in Sources */,
				F026012B2768D28C00B9B62C /* DispQueue.swift in Sources */,
				F02601382769F1AD00B9B62C /* DetailsTopView.swift in Sources */,
				F0E5696027564C6E00D59BB1 /* SearchPageView.swift in Sources */,
				F026010A276337D400B9B62C /* Consts.swift in Sources */,
				F026014B276B173900B9B62C /* ProfileHeader.swift in Sources */,
				F0E5698C2759350800D59BB1 /* ParamEncoding.swift in Sources */,
				F02601122763A3A800B9B62C /* ViewExt.swift in Sources */,
				F0E5698227592C8600D59BB1 /* Router.swift in Sources */,
				F0260140276A452C00B9B62C /* CoronaRepository.swift in Sources */,
				F0260122276870CA00B9B62C /* CoreDataDeleteModelPublisher.swift in Sources */,
				F0E5694D27560C5F00D59BB1 /* NewsApp.xcdatamodeld in Sources */,
				F0E5698A27592EC700D59BB1 /* ApiPost.swift in Sources */,
				F0E5695527560C8E00D59BB1 /* LoginView.swift in Sources */,
				F02601292768CF9A00B9B62C /* TopListView.swift in Sources */,
				F02600F3275FB61700B9B62C /* ErrorView.swift in Sources */,
				F0260168276F6BFB00B9B62C /* TopTabItem.swift in Sources */,
				F02601342769B44700B9B62C /* ShareButton.swift in Sources */,
				F0E56975275926F800D59BB1 /* NetworkResponseError.swift in Sources */,
				F026015F276F68E300B9B62C /* HStackImgText.swift in Sources */,
				F026016E2771C2E900B9B62C /* TextFieldAlertViewController.swift in Sources */,
				F0E5694127560C5D00D59BB1 /* NewsAppApp.swift in Sources */,
				F0E5695C27564B3900D59BB1 /* Base.swift in Sources */,
				F0260166276F6ABA00B9B62C /* ButtonImageInCircle.swift in Sources */,
				F026011E27685DC400B9B62C /* CoreDataSaveModelPublisher.swift in Sources */,
				F0260142276A45AE00B9B62C /* CoronaModels.swift in Sources */,
				F0E5696E2759245500D59BB1 /* NewsApi.swift in Sources */,
			);
			runOnlyForDeploymentPostprocessing = 0;
		};
/* End PBXSourcesBuildPhase section */

/* Begin XCBuildConfiguration section */
		F0E5694F27560C5F00D59BB1 /* Debug */ = {
			isa = XCBuildConfiguration;
			buildSettings = {
				ALWAYS_SEARCH_USER_PATHS = NO;
				CLANG_ANALYZER_NONNULL = YES;
				CLANG_ANALYZER_NUMBER_OBJECT_CONVERSION = YES_AGGRESSIVE;
				CLANG_CXX_LANGUAGE_STANDARD = "gnu++14";
				CLANG_CXX_LIBRARY = "libc++";
				CLANG_ENABLE_MODULES = YES;
				CLANG_ENABLE_OBJC_ARC = YES;
				CLANG_ENABLE_OBJC_WEAK = YES;
				CLANG_WARN_BLOCK_CAPTURE_AUTORELEASING = YES;
				CLANG_WARN_BOOL_CONVERSION = YES;
				CLANG_WARN_COMMA = YES;
				CLANG_WARN_CONSTANT_CONVERSION = YES;
				CLANG_WARN_DEPRECATED_OBJC_IMPLEMENTATIONS = YES;
				CLANG_WARN_DIRECT_OBJC_ISA_USAGE = YES_ERROR;
				CLANG_WARN_DOCUMENTATION_COMMENTS = YES;
				CLANG_WARN_EMPTY_BODY = YES;
				CLANG_WARN_ENUM_CONVERSION = YES;
				CLANG_WARN_INFINITE_RECURSION = YES;
				CLANG_WARN_INT_CONVERSION = YES;
				CLANG_WARN_NON_LITERAL_NULL_CONVERSION = YES;
				CLANG_WARN_OBJC_IMPLICIT_RETAIN_SELF = YES;
				CLANG_WARN_OBJC_LITERAL_CONVERSION = YES;
				CLANG_WARN_OBJC_ROOT_CLASS = YES_ERROR;
				CLANG_WARN_QUOTED_INCLUDE_IN_FRAMEWORK_HEADER = YES;
				CLANG_WARN_RANGE_LOOP_ANALYSIS = YES;
				CLANG_WARN_STRICT_PROTOTYPES = YES;
				CLANG_WARN_SUSPICIOUS_MOVE = YES;
				CLANG_WARN_UNGUARDED_AVAILABILITY = YES_AGGRESSIVE;
				CLANG_WARN_UNREACHABLE_CODE = YES;
				CLANG_WARN__DUPLICATE_METHOD_MATCH = YES;
				COPY_PHASE_STRIP = NO;
				DEBUG_INFORMATION_FORMAT = dwarf;
				ENABLE_STRICT_OBJC_MSGSEND = YES;
				ENABLE_TESTABILITY = YES;
				GCC_C_LANGUAGE_STANDARD = gnu11;
				GCC_DYNAMIC_NO_PIC = NO;
				GCC_NO_COMMON_BLOCKS = YES;
				GCC_OPTIMIZATION_LEVEL = 0;
				GCC_PREPROCESSOR_DEFINITIONS = (
					"DEBUG=1",
					"$(inherited)",
				);
				GCC_WARN_64_TO_32_BIT_CONVERSION = YES;
				GCC_WARN_ABOUT_RETURN_TYPE = YES_ERROR;
				GCC_WARN_UNDECLARED_SELECTOR = YES;
				GCC_WARN_UNINITIALIZED_AUTOS = YES_AGGRESSIVE;
				GCC_WARN_UNUSED_FUNCTION = YES;
				GCC_WARN_UNUSED_VARIABLE = YES;
				IPHONEOS_DEPLOYMENT_TARGET = 14.5;
				MTL_ENABLE_DEBUG_INFO = INCLUDE_SOURCE;
				MTL_FAST_MATH = YES;
				ONLY_ACTIVE_ARCH = YES;
				SDKROOT = iphoneos;
				SWIFT_ACTIVE_COMPILATION_CONDITIONS = DEBUG;
				SWIFT_OPTIMIZATION_LEVEL = "-Onone";
			};
			name = Debug;
		};
		F0E5695027560C5F00D59BB1 /* Release */ = {
			isa = XCBuildConfiguration;
			buildSettings = {
				ALWAYS_SEARCH_USER_PATHS = NO;
				CLANG_ANALYZER_NONNULL = YES;
				CLANG_ANALYZER_NUMBER_OBJECT_CONVERSION = YES_AGGRESSIVE;
				CLANG_CXX_LANGUAGE_STANDARD = "gnu++14";
				CLANG_CXX_LIBRARY = "libc++";
				CLANG_ENABLE_MODULES = YES;
				CLANG_ENABLE_OBJC_ARC = YES;
				CLANG_ENABLE_OBJC_WEAK = YES;
				CLANG_WARN_BLOCK_CAPTURE_AUTORELEASING = YES;
				CLANG_WARN_BOOL_CONVERSION = YES;
				CLANG_WARN_COMMA = YES;
				CLANG_WARN_CONSTANT_CONVERSION = YES;
				CLANG_WARN_DEPRECATED_OBJC_IMPLEMENTATIONS = YES;
				CLANG_WARN_DIRECT_OBJC_ISA_USAGE = YES_ERROR;
				CLANG_WARN_DOCUMENTATION_COMMENTS = YES;
				CLANG_WARN_EMPTY_BODY = YES;
				CLANG_WARN_ENUM_CONVERSION = YES;
				CLANG_WARN_INFINITE_RECURSION = YES;
				CLANG_WARN_INT_CONVERSION = YES;
				CLANG_WARN_NON_LITERAL_NULL_CONVERSION = YES;
				CLANG_WARN_OBJC_IMPLICIT_RETAIN_SELF = YES;
				CLANG_WARN_OBJC_LITERAL_CONVERSION = YES;
				CLANG_WARN_OBJC_ROOT_CLASS = YES_ERROR;
				CLANG_WARN_QUOTED_INCLUDE_IN_FRAMEWORK_HEADER = YES;
				CLANG_WARN_RANGE_LOOP_ANALYSIS = YES;
				CLANG_WARN_STRICT_PROTOTYPES = YES;
				CLANG_WARN_SUSPICIOUS_MOVE = YES;
				CLANG_WARN_UNGUARDED_AVAILABILITY = YES_AGGRESSIVE;
				CLANG_WARN_UNREACHABLE_CODE = YES;
				CLANG_WARN__DUPLICATE_METHOD_MATCH = YES;
				COPY_PHASE_STRIP = NO;
				DEBUG_INFORMATION_FORMAT = "dwarf-with-dsym";
				ENABLE_NS_ASSERTIONS = NO;
				ENABLE_STRICT_OBJC_MSGSEND = YES;
				GCC_C_LANGUAGE_STANDARD = gnu11;
				GCC_NO_COMMON_BLOCKS = YES;
				GCC_WARN_64_TO_32_BIT_CONVERSION = YES;
				GCC_WARN_ABOUT_RETURN_TYPE = YES_ERROR;
				GCC_WARN_UNDECLARED_SELECTOR = YES;
				GCC_WARN_UNINITIALIZED_AUTOS = YES_AGGRESSIVE;
				GCC_WARN_UNUSED_FUNCTION = YES;
				GCC_WARN_UNUSED_VARIABLE = YES;
				IPHONEOS_DEPLOYMENT_TARGET = 14.5;
				MTL_ENABLE_DEBUG_INFO = NO;
				MTL_FAST_MATH = YES;
				SDKROOT = iphoneos;
				SWIFT_COMPILATION_MODE = wholemodule;
				SWIFT_OPTIMIZATION_LEVEL = "-O";
				VALIDATE_PRODUCT = YES;
			};
			name = Release;
		};
		F0E5695227560C5F00D59BB1 /* Debug */ = {
			isa = XCBuildConfiguration;
			baseConfigurationReference = 65F866B578F924330E1CB08E /* Pods-NewsApp.debug.xcconfig */;
			buildSettings = {
				ASSETCATALOG_COMPILER_APPICON_NAME = AppIcon;
				ASSETCATALOG_COMPILER_GLOBAL_ACCENT_COLOR_NAME = AccentColor;
				CODE_SIGN_STYLE = Automatic;
				DEVELOPMENT_ASSET_PATHS = "\"NewsApp/Preview Content\"";
				DEVELOPMENT_TEAM = 38R5YP8RH9;
				ENABLE_PREVIEWS = YES;
				INFOPLIST_FILE = NewsApp/Info.plist;
				IPHONEOS_DEPLOYMENT_TARGET = 14.0;
				LD_RUNPATH_SEARCH_PATHS = (
					"$(inherited)",
					"@executable_path/Frameworks",
				);
				PRODUCT_BUNDLE_IDENTIFIER = com.ios.NewsApp;
				PRODUCT_NAME = "$(TARGET_NAME)";
				SWIFT_VERSION = 5.0;
				TARGETED_DEVICE_FAMILY = "1,2";
			};
			name = Debug;
		};
		F0E5695327560C5F00D59BB1 /* Release */ = {
			isa = XCBuildConfiguration;
			baseConfigurationReference = 709111F21C481DF8232738F1 /* Pods-NewsApp.release.xcconfig */;
			buildSettings = {
				ASSETCATALOG_COMPILER_APPICON_NAME = AppIcon;
				ASSETCATALOG_COMPILER_GLOBAL_ACCENT_COLOR_NAME = AccentColor;
				CODE_SIGN_STYLE = Automatic;
				DEVELOPMENT_ASSET_PATHS = "\"NewsApp/Preview Content\"";
				DEVELOPMENT_TEAM = 38R5YP8RH9;
				ENABLE_PREVIEWS = YES;
				INFOPLIST_FILE = NewsApp/Info.plist;
				IPHONEOS_DEPLOYMENT_TARGET = 14.0;
				LD_RUNPATH_SEARCH_PATHS = (
					"$(inherited)",
					"@executable_path/Frameworks",
				);
				PRODUCT_BUNDLE_IDENTIFIER = com.ios.NewsApp;
				PRODUCT_NAME = "$(TARGET_NAME)";
				SWIFT_VERSION = 5.0;
				TARGETED_DEVICE_FAMILY = "1,2";
			};
			name = Release;
		};
/* End XCBuildConfiguration section */

/* Begin XCConfigurationList section */
		F0E5693827560C5D00D59BB1 /* Build configuration list for PBXProject "NewsApp" */ = {
			isa = XCConfigurationList;
			buildConfigurations = (
				F0E5694F27560C5F00D59BB1 /* Debug */,
				F0E5695027560C5F00D59BB1 /* Release */,
			);
			defaultConfigurationIsVisible = 0;
			defaultConfigurationName = Release;
		};
		F0E5695127560C5F00D59BB1 /* Build configuration list for PBXNativeTarget "NewsApp" */ = {
			isa = XCConfigurationList;
			buildConfigurations = (
				F0E5695227560C5F00D59BB1 /* Debug */,
				F0E5695327560C5F00D59BB1 /* Release */,
			);
			defaultConfigurationIsVisible = 0;
			defaultConfigurationName = Release;
		};
/* End XCConfigurationList section */

/* Begin XCVersionGroup section */
		F0E5694B27560C5F00D59BB1 /* NewsApp.xcdatamodeld */ = {
			isa = XCVersionGroup;
			children = (
				F0E5694C27560C5F00D59BB1 /* NewsApp.xcdatamodel */,
			);
			currentVersion = F0E5694C27560C5F00D59BB1 /* NewsApp.xcdatamodel */;
			path = NewsApp.xcdatamodeld;
			sourceTree = "<group>";
			versionGroupType = wrapper.xcdatamodel;
		};
/* End XCVersionGroup section */
	};
	rootObject = F0E5693527560C5D00D59BB1 /* Project object */;
}
